<?xml version="1.0" encoding="utf-8"?>
<Project ToolsVersion="4.0" xmlns="http://schemas.microsoft.com/developer/msbuild/2003">
  <ItemGroup>
    <Filter Include="types">
      <UniqueIdentifier>{b7ae85ae-d6ed-4eb7-9328-46e924e3058b}</UniqueIdentifier>
    </Filter>
    <Filter Include="utils">
      <UniqueIdentifier>{a2ad5f6f-4de7-44de-9005-bed3de554419}</UniqueIdentifier>
    </Filter>
  </ItemGroup>
  <ItemGroup>
    <ClCompile Include="..\tests\deserializer.cpp" />
    <ClCompile Include="..\tests\packet.cpp" />
    <ClCompile Include="..\tests\serializationcontext.cpp" />
    <ClCompile Include="..\tests\serializer.cpp" />
    <ClCompile Include="..\tests\types\array.cpp">
      <Filter>types</Filter>
    </ClCompile>
    <ClCompile Include="..\tests\types\bool.cpp">
      <Filter>types</Filter>
    </ClCompile>
    <ClCompile Include="..\tests\types\bytearray.cpp">
      <Filter>types</Filter>
    </ClCompile>
    <ClCompile Include="..\tests\types\date.cpp">
      <Filter>types</Filter>
    </ClCompile>
    <ClCompile Include="..\tests\types\dictionary.cpp">
      <Filter>types</Filter>
    </ClCompile>
    <ClCompile Include="..\tests\types\double.cpp">
      <Filter>types</Filter>
    </ClCompile>
    <ClCompile Include="..\tests\types\integer.cpp">
      <Filter>types</Filter>
    </ClCompile>
    <ClCompile Include="..\tests\types\null.cpp">
      <Filter>types</Filter>
    </ClCompile>
    <ClCompile Include="..\tests\types\object.cpp">
      <Filter>types</Filter>
    </ClCompile>
    <ClCompile Include="..\tests\types\string.cpp">
      <Filter>types</Filter>
    </ClCompile>
    <ClCompile Include="..\tests\types\undefined.cpp">
      <Filter>types</Filter>
    </ClCompile>
    <ClCompile Include="..\tests\types\vector.cpp">
      <Filter>types</Filter>
    </ClCompile>
    <ClCompile Include="..\tests\types\xml.cpp">
      <Filter>types</Filter>
    </ClCompile>
    <ClCompile Include="..\tests\types\xmldocument.cpp">
      <Filter>types</Filter>
    </ClCompile>
    <ClCompile Include="..\tests\utils\amfitemptr.cpp">
      <Filter>utils</Filter>
    </ClCompile>
    <ClCompile Include="..\tests\utils\amfobjecttraits.cpp">
      <Filter>utils</Filter>
    </ClCompile>
  </ItemGroup>
  <ItemGroup>
    <ClInclude Include="..\tests\amftest.hpp" />
  </ItemGroup>
</Project>
