<?xml version="1.0" encoding="utf-8"?>
<Project ToolsVersion="4.0" xmlns="http://schemas.microsoft.com/developer/msbuild/2003">
  <ItemGroup>
    <ClCompile Include="..\tests\bool.cpp" />
    <ClCompile Include="..\tests\double.cpp" />
    <ClCompile Include="..\tests\integer.cpp" />
    <ClCompile Include="..\tests\null.cpp" />
    <ClCompile Include="..\tests\undefined.cpp" />
    <ClCompile Include="..\tests\string.cpp" />
    <ClCompile Include="..\tests\vector.cpp" />
    <ClCompile Include="..\tests\serializer.cpp" />
    <ClCompile Include="..\tests\object.cpp" />
    <ClCompile Include="..\tests\array.cpp" />
    <ClCompile Include="..\tests\bytearray.cpp" />
    <ClCompile Include="..\tests\date.cpp" />
    <ClCompile Include="..\tests\xml.cpp" />
    <ClCompile Include="..\tests\xmldocument.cpp" />
  </ItemGroup>
</Project>